
Microsoft Visual Studio Solution File, Format Version 12.00
# Visual Studio Version 17
VisualStudioVersion = 17.14.36310.24 d17.14
MinimumVisualStudioVersion = 10.0.40219.1
Project("{FAE04EC0-301F-11D3-BF4B-00C04F79EFBC}") = "ASP.NETCoreD06", "ASP.NETCoreD06\ASP.NETCoreD06.csproj", "{3B7EDE10-DB2D-4879-9756-E320F62ED54A}"
EndProject
Global
	GlobalSection(SolutionConfigurationPlatforms) = preSolution
		Debug|Any CPU = Debug|Any CPU
		Release|Any CPU = Release|Any CPU
	EndGlobalSection
	GlobalSection(ProjectConfigurationPlatforms) = postSolution
		{3B7EDE10-DB2D-4879-9756-E320F62ED54A}.Debug|Any CPU.ActiveCfg = Debug|Any CPU
		{3B7EDE10-DB2D-4879-9756-E320F62ED54A}.Debug|Any CPU.Build.0 = Debug|Any CPU
		{3B7EDE10-DB2D-4879-9756-E320F62ED54A}.Release|Any CPU.ActiveCfg = Release|Any CPU
		{3B7EDE10-DB2D-4879-9756-E320F62ED54A}.Release|Any CPU.Build.0 = Release|Any CPU
	EndGlobalSection
	GlobalSection(SolutionProperties) = preSolution
		HideSolutionNode = FALSE
	EndGlobalSection
	GlobalSection(ExtensibilityGlobals) = postSolution
		SolutionGuid = {D9CBD348-5671-40B2-95FC-371BE3785BF4}
	EndGlobalSection
EndGlobal
